
Microsoft Visual Studio Solution File, Format Version 12.00
# Visual Studio Version 17
VisualStudioVersion = 17.8.34309.116
MinimumVisualStudioVersion = 10.0.40219.1
Project("{8BC9CEB8-8B4A-11D0-8D11-00A0C91BC942}") = "1задача", "1задача\1задача.vcxproj", "{9E62E86A-FEBD-40A2-BF7F-BBAD9CA32F3F}"
EndProject
Project("{8BC9CEB8-8B4A-11D0-8D11-00A0C91BC942}") = "2задача", "2задача\2задача.vcxproj", "{61D22515-DD4F-42E1-AB62-1B923A318F0C}"
EndProject
Project("{8BC9CEB8-8B4A-11D0-8D11-00A0C91BC942}") = "3задача", "3задача\3задача.vcxproj", "{7CFBB960-1D70-4711-9530-8D0FABAE1C1D}"
EndProject
Project("{8BC9CEB8-8B4A-11D0-8D11-00A0C91BC942}") = "4задача", "4задача\4задача.vcxproj", "{47844E86-71C0-4D31-A327-38C84A796B50}"
EndProject
Project("{8BC9CEB8-8B4A-11D0-8D11-00A0C91BC942}") = "5задача", "5задача\5задача.vcxproj", "{90A8EAEF-CAF6-4EFE-A18B-AE9409A50DD8}"
EndProject
Project("{8BC9CEB8-8B4A-11D0-8D11-00A0C91BC942}") = "str83.2", "str83.2\str83.2.vcxproj", "{142A3B17-A2D9-440C-8E55-A56FEEF79A8B}"
EndProject
Project("{8BC9CEB8-8B4A-11D0-8D11-00A0C91BC942}") = "str100.3", "str100.3\str100.3.vcxproj", "{FC1FB136-8BED-4244-8905-8AA70FC448F4}"
EndProject
Project("{8BC9CEB8-8B4A-11D0-8D11-00A0C91BC942}") = "задача3", "задача3\задача3.vcxproj", "{8684C59C-AA05-4D47-A8D7-25599783BAD1}"
EndProject
Project("{8BC9CEB8-8B4A-11D0-8D11-00A0C91BC942}") = "задачаСразделенитеИнтервали", "задачаСразделенитеИнтервали\задачаСразделенитеИнтервали.vcxproj", "{8ECEB0BA-64D2-4929-89D4-A113F378008B}"
EndProject
Global
	GlobalSection(SolutionConfigurationPlatforms) = preSolution
		Debug|x64 = Debug|x64
		Debug|x86 = Debug|x86
		Release|x64 = Release|x64
		Release|x86 = Release|x86
	EndGlobalSection
	GlobalSection(ProjectConfigurationPlatforms) = postSolution
		{9E62E86A-FEBD-40A2-BF7F-BBAD9CA32F3F}.Debug|x64.ActiveCfg = Debug|x64
		{9E62E86A-FEBD-40A2-BF7F-BBAD9CA32F3F}.Debug|x64.Build.0 = Debug|x64
		{9E62E86A-FEBD-40A2-BF7F-BBAD9CA32F3F}.Debug|x86.ActiveCfg = Debug|Win32
		{9E62E86A-FEBD-40A2-BF7F-BBAD9CA32F3F}.Debug|x86.Build.0 = Debug|Win32
		{9E62E86A-FEBD-40A2-BF7F-BBAD9CA32F3F}.Release|x64.ActiveCfg = Release|x64
		{9E62E86A-FEBD-40A2-BF7F-BBAD9CA32F3F}.Release|x64.Build.0 = Release|x64
		{9E62E86A-FEBD-40A2-BF7F-BBAD9CA32F3F}.Release|x86.ActiveCfg = Release|Win32
		{9E62E86A-FEBD-40A2-BF7F-BBAD9CA32F3F}.Release|x86.Build.0 = Release|Win32
		{61D22515-DD4F-42E1-AB62-1B923A318F0C}.Debug|x64.ActiveCfg = Debug|x64
		{61D22515-DD4F-42E1-AB62-1B923A318F0C}.Debug|x64.Build.0 = Debug|x64
		{61D22515-DD4F-42E1-AB62-1B923A318F0C}.Debug|x86.ActiveCfg = Debug|Win32
		{61D22515-DD4F-42E1-AB62-1B923A318F0C}.Debug|x86.Build.0 = Debug|Win32
		{61D22515-DD4F-42E1-AB62-1B923A318F0C}.Release|x64.ActiveCfg = Release|x64
		{61D22515-DD4F-42E1-AB62-1B923A318F0C}.Release|x64.Build.0 = Release|x64
		{61D22515-DD4F-42E1-AB62-1B923A318F0C}.Release|x86.ActiveCfg = Release|Win32
		{61D22515-DD4F-42E1-AB62-1B923A318F0C}.Release|x86.Build.0 = Release|Win32
		{7CFBB960-1D70-4711-9530-8D0FABAE1C1D}.Debug|x64.ActiveCfg = Debug|x64
		{7CFBB960-1D70-4711-9530-8D0FABAE1C1D}.Debug|x64.Build.0 = Debug|x64
		{7CFBB960-1D70-4711-9530-8D0FABAE1C1D}.Debug|x86.ActiveCfg = Debug|Win32
		{7CFBB960-1D70-4711-9530-8D0FABAE1C1D}.Debug|x86.Build.0 = Debug|Win32
		{7CFBB960-1D70-4711-9530-8D0FABAE1C1D}.Release|x64.ActiveCfg = Release|x64
		{7CFBB960-1D70-4711-9530-8D0FABAE1C1D}.Release|x64.Build.0 = Release|x64
		{7CFBB960-1D70-4711-9530-8D0FABAE1C1D}.Release|x86.ActiveCfg = Release|Win32
		{7CFBB960-1D70-4711-9530-8D0FABAE1C1D}.Release|x86.Build.0 = Release|Win32
		{47844E86-71C0-4D31-A327-38C84A796B50}.Debug|x64.ActiveCfg = Debug|x64
		{47844E86-71C0-4D31-A327-38C84A796B50}.Debug|x64.Build.0 = Debug|x64
		{47844E86-71C0-4D31-A327-38C84A796B50}.Debug|x86.ActiveCfg = Debug|Win32
		{47844E86-71C0-4D31-A327-38C84A796B50}.Debug|x86.Build.0 = Debug|Win32
		{47844E86-71C0-4D31-A327-38C84A796B50}.Release|x64.ActiveCfg = Release|x64
		{47844E86-71C0-4D31-A327-38C84A796B50}.Release|x64.Build.0 = Release|x64
		{47844E86-71C0-4D31-A327-38C84A796B50}.Release|x86.ActiveCfg = Release|Win32
		{47844E86-71C0-4D31-A327-38C84A796B50}.Release|x86.Build.0 = Release|Win32
		{90A8EAEF-CAF6-4EFE-A18B-AE9409A50DD8}.Debug|x64.ActiveCfg = Debug|x64
		{90A8EAEF-CAF6-4EFE-A18B-AE9409A50DD8}.Debug|x64.Build.0 = Debug|x64
		{90A8EAEF-CAF6-4EFE-A18B-AE9409A50DD8}.Debug|x86.ActiveCfg = Debug|Win32
		{90A8EAEF-CAF6-4EFE-A18B-AE9409A50DD8}.Debug|x86.Build.0 = Debug|Win32
		{90A8EAEF-CAF6-4EFE-A18B-AE9409A50DD8}.Release|x64.ActiveCfg = Release|x64
		{90A8EAEF-CAF6-4EFE-A18B-AE9409A50DD8}.Release|x64.Build.0 = Release|x64
		{90A8EAEF-CAF6-4EFE-A18B-AE9409A50DD8}.Release|x86.ActiveCfg = Release|Win32
		{90A8EAEF-CAF6-4EFE-A18B-AE9409A50DD8}.Release|x86.Build.0 = Release|Win32
		{142A3B17-A2D9-440C-8E55-A56FEEF79A8B}.Debug|x64.ActiveCfg = Debug|x64
		{142A3B17-A2D9-440C-8E55-A56FEEF79A8B}.Debug|x64.Build.0 = Debug|x64
		{142A3B17-A2D9-440C-8E55-A56FEEF79A8B}.Debug|x86.ActiveCfg = Debug|Win32
		{142A3B17-A2D9-440C-8E55-A56FEEF79A8B}.Debug|x86.Build.0 = Debug|Win32
		{142A3B17-A2D9-440C-8E55-A56FEEF79A8B}.Release|x64.ActiveCfg = Release|x64
		{142A3B17-A2D9-440C-8E55-A56FEEF79A8B}.Release|x64.Build.0 = Release|x64
		{142A3B17-A2D9-440C-8E55-A56FEEF79A8B}.Release|x86.ActiveCfg = Release|Win32
		{142A3B17-A2D9-440C-8E55-A56FEEF79A8B}.Release|x86.Build.0 = Release|Win32
		{FC1FB136-8BED-4244-8905-8AA70FC448F4}.Debug|x64.ActiveCfg = Debug|x64
		{FC1FB136-8BED-4244-8905-8AA70FC448F4}.Debug|x64.Build.0 = Debug|x64
		{FC1FB136-8BED-4244-8905-8AA70FC448F4}.Debug|x86.ActiveCfg = Debug|Win32
		{FC1FB136-8BED-4244-8905-8AA70FC448F4}.Debug|x86.Build.0 = Debug|Win32
		{FC1FB136-8BED-4244-8905-8AA70FC448F4}.Release|x64.ActiveCfg = Release|x64
		{FC1FB136-8BED-4244-8905-8AA70FC448F4}.Release|x64.Build.0 = Release|x64
		{FC1FB136-8BED-4244-8905-8AA70FC448F4}.Release|x86.ActiveCfg = Release|Win32
		{FC1FB136-8BED-4244-8905-8AA70FC448F4}.Release|x86.Build.0 = Release|Win32
		{8684C59C-AA05-4D47-A8D7-25599783BAD1}.Debug|x64.ActiveCfg = Debug|x64
		{8684C59C-AA05-4D47-A8D7-25599783BAD1}.Debug|x64.Build.0 = Debug|x64
		{8684C59C-AA05-4D47-A8D7-25599783BAD1}.Debug|x86.ActiveCfg = Debug|Win32
		{8684C59C-AA05-4D47-A8D7-25599783BAD1}.Debug|x86.Build.0 = Debug|Win32
		{8684C59C-AA05-4D47-A8D7-25599783BAD1}.Release|x64.ActiveCfg = Release|x64
		{8684C59C-AA05-4D47-A8D7-25599783BAD1}.Release|x64.Build.0 = Release|x64
		{8684C59C-AA05-4D47-A8D7-25599783BAD1}.Release|x86.ActiveCfg = Release|Win32
		{8684C59C-AA05-4D47-A8D7-25599783BAD1}.Release|x86.Build.0 = Release|Win32
		{8ECEB0BA-64D2-4929-89D4-A113F378008B}.Debug|x64.ActiveCfg = Debug|x64
		{8ECEB0BA-64D2-4929-89D4-A113F378008B}.Debug|x64.Build.0 = Debug|x64
		{8ECEB0BA-64D2-4929-89D4-A113F378008B}.Debug|x86.ActiveCfg = Debug|Win32
		{8ECEB0BA-64D2-4929-89D4-A113F378008B}.Debug|x86.Build.0 = Debug|Win32
		{8ECEB0BA-64D2-4929-89D4-A113F378008B}.Release|x64.ActiveCfg = Release|x64
		{8ECEB0BA-64D2-4929-89D4-A113F378008B}.Release|x64.Build.0 = Release|x64
		{8ECEB0BA-64D2-4929-89D4-A113F378008B}.Release|x86.ActiveCfg = Release|Win32
		{8ECEB0BA-64D2-4929-89D4-A113F378008B}.Release|x86.Build.0 = Release|Win32
	EndGlobalSection
	GlobalSection(SolutionProperties) = preSolution
		HideSolutionNode = FALSE
	EndGlobalSection
	GlobalSection(ExtensibilityGlobals) = postSolution
		SolutionGuid = {2AF9356E-4491-4779-91B3-53C561EB92B9}
	EndGlobalSection
EndGlobal
